
Microsoft Visual Studio Solution File, Format Version 12.00
# Visual Studio 15
VisualStudioVersion = 15.0.27428.2037
MinimumVisualStudioVersion = 10.0.40219.1
Project("{FAE04EC0-301F-11D3-BF4B-00C04F79EFBC}") = "JwtSettings", "JwtSettings\JwtSettings.csproj", "{1FCE34F5-BCF3-47E2-B148-CF34BA95E7F0}"
EndProject
Global
	GlobalSection(SolutionConfigurationPlatforms) = preSolution
		Debug|Any CPU = Debug|Any CPU
		Release|Any CPU = Release|Any CPU
	EndGlobalSection
	GlobalSection(ProjectConfigurationPlatforms) = postSolution
		{1FCE34F5-BCF3-47E2-B148-CF34BA95E7F0}.Debug|Any CPU.ActiveCfg = Debug|Any CPU
		{1FCE34F5-BCF3-47E2-B148-CF34BA95E7F0}.Debug|Any CPU.Build.0 = Debug|Any CPU
		{1FCE34F5-BCF3-47E2-B148-CF34BA95E7F0}.Release|Any CPU.ActiveCfg = Release|Any CPU
		{1FCE34F5-BCF3-47E2-B148-CF34BA95E7F0}.Release|Any CPU.Build.0 = Release|Any CPU
	EndGlobalSection
	GlobalSection(SolutionProperties) = preSolution
		HideSolutionNode = FALSE
	EndGlobalSection
	GlobalSection(ExtensibilityGlobals) = postSolution
		SolutionGuid = {288D3EC2-4B35-4DC8-B064-C27F5B1A1ED3}
	EndGlobalSection
EndGlobal
